// !$*UTF8*$!
{
	archiveVersion = 1;
	classes = {
	};
	objectVersion = 46;
	objects = {

/* Begin PBXBuildFile section */
		45488B87CD60EF76DDCB0530 /* Pods_firebase_demo_iosUITests.framework in Frameworks */ = {isa = PBXBuildFile; fileRef = 1BE69C1583792340BCC7EC68 /* Pods_firebase_demo_iosUITests.framework */; };
		5990CA9ED6A9BF20E44482EC /* Pods_firebase_demo_ios.framework in Frameworks */ = {isa = PBXBuildFile; fileRef = 332DC20F4895C1801DEE8B8B /* Pods_firebase_demo_ios.framework */; };
		B56E8D641F1EFAA300AB0E15 /* AppDelegate.swift in Sources */ = {isa = PBXBuildFile; fileRef = B56E8D631F1EFAA300AB0E15 /* AppDelegate.swift */; };
		B56E8D661F1EFAA300AB0E15 /* ViewController.swift in Sources */ = {isa = PBXBuildFile; fileRef = B56E8D651F1EFAA300AB0E15 /* ViewController.swift */; };
		B56E8D691F1EFAA300AB0E15 /* Main.storyboard in Resources */ = {isa = PBXBuildFile; fileRef = B56E8D671F1EFAA300AB0E15 /* Main.storyboard */; };
		B56E8D6B1F1EFAA300AB0E15 /* Assets.xcassets in Resources */ = {isa = PBXBuildFile; fileRef = B56E8D6A1F1EFAA300AB0E15 /* Assets.xcassets */; };
		B56E8D6E1F1EFAA300AB0E15 /* LaunchScreen.storyboard in Resources */ = {isa = PBXBuildFile; fileRef = B56E8D6C1F1EFAA300AB0E15 /* LaunchScreen.storyboard */; };
		B56E8D791F1EFAA300AB0E15 /* firebase_demo_iosTests.swift in Sources */ = {isa = PBXBuildFile; fileRef = B56E8D781F1EFAA300AB0E15 /* firebase_demo_iosTests.swift */; };
		B56E8D841F1EFAA300AB0E15 /* firebase_demo_iosUITests.swift in Sources */ = {isa = PBXBuildFile; fileRef = B56E8D831F1EFAA300AB0E15 /* firebase_demo_iosUITests.swift */; };
		B56E8D921F1EFAE800AB0E15 /* GoogleService-Info.plist in Resources */ = {isa = PBXBuildFile; fileRef = B56E8D911F1EFAE800AB0E15 /* GoogleService-Info.plist */; };
		C79F41E1FA15DA9ED81F5579 /* Pods_firebase_demo_iosTests.framework in Frameworks */ = {isa = PBXBuildFile; fileRef = 430BEF03A205049A2AFAB1C5 /* Pods_firebase_demo_iosTests.framework */; };
/* End PBXBuildFile section */

/* Begin PBXContainerItemProxy section */
		B56E8D751F1EFAA300AB0E15 /* PBXContainerItemProxy */ = {
			isa = PBXContainerItemProxy;
			containerPortal = B56E8D581F1EFAA300AB0E15 /* Project object */;
			proxyType = 1;
			remoteGlobalIDString = B56E8D5F1F1EFAA300AB0E15;
			remoteInfo = "firebase-demo-ios";
		};
		B56E8D801F1EFAA300AB0E15 /* PBXContainerItemProxy */ = {
			isa = PBXContainerItemProxy;
			containerPortal = B56E8D581F1EFAA300AB0E15 /* Project object */;
			proxyType = 1;
			remoteGlobalIDString = B56E8D5F1F1EFAA300AB0E15;
			remoteInfo = "firebase-demo-ios";
		};
/* End PBXContainerItemProxy section */

/* Begin PBXFileReference section */
		09F91A4B81B5C43840E7E910 /* Pods-firebase-demo-ios.debug.xcconfig */ = {isa = PBXFileReference; includeInIndex = 1; lastKnownFileType = text.xcconfig; name = "Pods-firebase-demo-ios.debug.xcconfig"; path = "Pods/Target Support Files/Pods-firebase-demo-ios/Pods-firebase-demo-ios.debug.xcconfig"; sourceTree = "<group>"; };
		0B168C7F9294E81E0E65EBE9 /* Pods-firebase-demo-iosTests.release.xcconfig */ = {isa = PBXFileReference; includeInIndex = 1; lastKnownFileType = text.xcconfig; name = "Pods-firebase-demo-iosTests.release.xcconfig"; path = "Pods/Target Support Files/Pods-firebase-demo-iosTests/Pods-firebase-demo-iosTests.release.xcconfig"; sourceTree = "<group>"; };
		1BE69C1583792340BCC7EC68 /* Pods_firebase_demo_iosUITests.framework */ = {isa = PBXFileReference; explicitFileType = wrapper.framework; includeInIndex = 0; path = Pods_firebase_demo_iosUITests.framework; sourceTree = BUILT_PRODUCTS_DIR; };
		332DC20F4895C1801DEE8B8B /* Pods_firebase_demo_ios.framework */ = {isa = PBXFileReference; explicitFileType = wrapper.framework; includeInIndex = 0; path = Pods_firebase_demo_ios.framework; sourceTree = BUILT_PRODUCTS_DIR; };
		3FF4CA66D86BA3F7D9A37E3B /* Pods-firebase-demo-iosUITests.debug.xcconfig */ = {isa = PBXFileReference; includeInIndex = 1; lastKnownFileType = text.xcconfig; name = "Pods-firebase-demo-iosUITests.debug.xcconfig"; path = "Pods/Target Support Files/Pods-firebase-demo-iosUITests/Pods-firebase-demo-iosUITests.debug.xcconfig"; sourceTree = "<group>"; };
		430BEF03A205049A2AFAB1C5 /* Pods_firebase_demo_iosTests.framework */ = {isa = PBXFileReference; explicitFileType = wrapper.framework; includeInIndex = 0; path = Pods_firebase_demo_iosTests.framework; sourceTree = BUILT_PRODUCTS_DIR; };
		6C272F75549D83BCAF7A4E4B /* Pods-firebase-demo-ios.release.xcconfig */ = {isa = PBXFileReference; includeInIndex = 1; lastKnownFileType = text.xcconfig; name = "Pods-firebase-demo-ios.release.xcconfig"; path = "Pods/Target Support Files/Pods-firebase-demo-ios/Pods-firebase-demo-ios.release.xcconfig"; sourceTree = "<group>"; };
		A1B16544E97F994B336D5D3A /* Pods-firebase-demo-iosUITests.release.xcconfig */ = {isa = PBXFileReference; includeInIndex = 1; lastKnownFileType = text.xcconfig; name = "Pods-firebase-demo-iosUITests.release.xcconfig"; path = "Pods/Target Support Files/Pods-firebase-demo-iosUITests/Pods-firebase-demo-iosUITests.release.xcconfig"; sourceTree = "<group>"; };
		B56E8D601F1EFAA300AB0E15 /* firebase-demo-ios.app */ = {isa = PBXFileReference; explicitFileType = wrapper.application; includeInIndex = 0; path = "firebase-demo-ios.app"; sourceTree = BUILT_PRODUCTS_DIR; };
		B56E8D631F1EFAA300AB0E15 /* AppDelegate.swift */ = {isa = PBXFileReference; lastKnownFileType = sourcecode.swift; path = AppDelegate.swift; sourceTree = "<group>"; };
		B56E8D651F1EFAA300AB0E15 /* ViewController.swift */ = {isa = PBXFileReference; lastKnownFileType = sourcecode.swift; path = ViewController.swift; sourceTree = "<group>"; };
		B56E8D681F1EFAA300AB0E15 /* Base */ = {isa = PBXFileReference; lastKnownFileType = file.storyboard; name = Base; path = Base.lproj/Main.storyboard; sourceTree = "<group>"; };
		B56E8D6A1F1EFAA300AB0E15 /* Assets.xcassets */ = {isa = PBXFileReference; lastKnownFileType = folder.assetcatalog; path = Assets.xcassets; sourceTree = "<group>"; };
		B56E8D6D1F1EFAA300AB0E15 /* Base */ = {isa = PBXFileReference; lastKnownFileType = file.storyboard; name = Base; path = Base.lproj/LaunchScreen.storyboard; sourceTree = "<group>"; };
		B56E8D6F1F1EFAA300AB0E15 /* Info.plist */ = {isa = PBXFileReference; lastKnownFileType = text.plist.xml; path = Info.plist; sourceTree = "<group>"; };
		B56E8D741F1EFAA300AB0E15 /* firebase-demo-iosTests.xctest */ = {isa = PBXFileReference; explicitFileType = wrapper.cfbundle; includeInIndex = 0; path = "firebase-demo-iosTests.xctest"; sourceTree = BUILT_PRODUCTS_DIR; };
		B56E8D781F1EFAA300AB0E15 /* firebase_demo_iosTests.swift */ = {isa = PBXFileReference; lastKnownFileType = sourcecode.swift; path = firebase_demo_iosTests.swift; sourceTree = "<group>"; };
		B56E8D7A1F1EFAA300AB0E15 /* Info.plist */ = {isa = PBXFileReference; lastKnownFileType = text.plist.xml; path = Info.plist; sourceTree = "<group>"; };
		B56E8D7F1F1EFAA300AB0E15 /* firebase-demo-iosUITests.xctest */ = {isa = PBXFileReference; explicitFileType = wrapper.cfbundle; includeInIndex = 0; path = "firebase-demo-iosUITests.xctest"; sourceTree = BUILT_PRODUCTS_DIR; };
		B56E8D831F1EFAA300AB0E15 /* firebase_demo_iosUITests.swift */ = {isa = PBXFileReference; lastKnownFileType = sourcecode.swift; path = firebase_demo_iosUITests.swift; sourceTree = "<group>"; };
		B56E8D851F1EFAA300AB0E15 /* Info.plist */ = {isa = PBXFileReference; lastKnownFileType = text.plist.xml; path = Info.plist; sourceTree = "<group>"; };
		B56E8D911F1EFAE800AB0E15 /* GoogleService-Info.plist */ = {isa = PBXFileReference; fileEncoding = 4; lastKnownFileType = text.plist.xml; path = "GoogleService-Info.plist"; sourceTree = "<group>"; };
		EEBEB1E5BE6E9A98A9A6A685 /* Pods-firebase-demo-iosTests.debug.xcconfig */ = {isa = PBXFileReference; includeInIndex = 1; lastKnownFileType = text.xcconfig; name = "Pods-firebase-demo-iosTests.debug.xcconfig"; path = "Pods/Target Support Files/Pods-firebase-demo-iosTests/Pods-firebase-demo-iosTests.debug.xcconfig"; sourceTree = "<group>"; };
/* End PBXFileReference section */

/* Begin PBXFrameworksBuildPhase section */
		B56E8D5D1F1EFAA300AB0E15 /* Frameworks */ = {
			isa = PBXFrameworksBuildPhase;
			buildActionMask = 2147483647;
			files = (
				5990CA9ED6A9BF20E44482EC /* Pods_firebase_demo_ios.framework in Frameworks */,
			);
			runOnlyForDeploymentPostprocessing = 0;
		};
		B56E8D711F1EFAA300AB0E15 /* Frameworks */ = {
			isa = PBXFrameworksBuildPhase;
			buildActionMask = 2147483647;
			files = (
				C79F41E1FA15DA9ED81F5579 /* Pods_firebase_demo_iosTests.framework in Frameworks */,
			);
			runOnlyForDeploymentPostprocessing = 0;
		};
		B56E8D7C1F1EFAA300AB0E15 /* Frameworks */ = {
			isa = PBXFrameworksBuildPhase;
			buildActionMask = 2147483647;
			files = (
				45488B87CD60EF76DDCB0530 /* Pods_firebase_demo_iosUITests.framework in Frameworks */,
			);
			runOnlyForDeploymentPostprocessing = 0;
		};
/* End PBXFrameworksBuildPhase section */

/* Begin PBXGroup section */
		0AA5C98C5AC0AA30653B47D4 /* Pods */ = {
			isa = PBXGroup;
			children = (
				09F91A4B81B5C43840E7E910 /* Pods-firebase-demo-ios.debug.xcconfig */,
				6C272F75549D83BCAF7A4E4B /* Pods-firebase-demo-ios.release.xcconfig */,
				EEBEB1E5BE6E9A98A9A6A685 /* Pods-firebase-demo-iosTests.debug.xcconfig */,
				0B168C7F9294E81E0E65EBE9 /* Pods-firebase-demo-iosTests.release.xcconfig */,
				3FF4CA66D86BA3F7D9A37E3B /* Pods-firebase-demo-iosUITests.debug.xcconfig */,
				A1B16544E97F994B336D5D3A /* Pods-firebase-demo-iosUITests.release.xcconfig */,
			);
			name = Pods;
			sourceTree = "<group>";
		};
		B56E8D571F1EFAA300AB0E15 = {
			isa = PBXGroup;
			children = (
				B56E8D621F1EFAA300AB0E15 /* firebase-demo-ios */,
				B56E8D771F1EFAA300AB0E15 /* firebase-demo-iosTests */,
				B56E8D821F1EFAA300AB0E15 /* firebase-demo-iosUITests */,
				B56E8D611F1EFAA300AB0E15 /* Products */,
				0AA5C98C5AC0AA30653B47D4 /* Pods */,
				BD3D925FEF6987249BC00DE3 /* Frameworks */,
			);
			sourceTree = "<group>";
		};
		B56E8D611F1EFAA300AB0E15 /* Products */ = {
			isa = PBXGroup;
			children = (
				B56E8D601F1EFAA300AB0E15 /* firebase-demo-ios.app */,
				B56E8D741F1EFAA300AB0E15 /* firebase-demo-iosTests.xctest */,
				B56E8D7F1F1EFAA300AB0E15 /* firebase-demo-iosUITests.xctest */,
			);
			name = Products;
			sourceTree = "<group>";
		};
		B56E8D621F1EFAA300AB0E15 /* firebase-demo-ios */ = {
			isa = PBXGroup;
			children = (
				B56E8D631F1EFAA300AB0E15 /* AppDelegate.swift */,
				B56E8D651F1EFAA300AB0E15 /* ViewController.swift */,
				B56E8D671F1EFAA300AB0E15 /* Main.storyboard */,
				B56E8D6A1F1EFAA300AB0E15 /* Assets.xcassets */,
				B56E8D6C1F1EFAA300AB0E15 /* LaunchScreen.storyboard */,
				B56E8D6F1F1EFAA300AB0E15 /* Info.plist */,
				B56E8D911F1EFAE800AB0E15 /* GoogleService-Info.plist */,
			);
			path = "firebase-demo-ios";
			sourceTree = "<group>";
		};
		B56E8D771F1EFAA300AB0E15 /* firebase-demo-iosTests */ = {
			isa = PBXGroup;
			children = (
				B56E8D781F1EFAA300AB0E15 /* firebase_demo_iosTests.swift */,
				B56E8D7A1F1EFAA300AB0E15 /* Info.plist */,
			);
			path = "firebase-demo-iosTests";
			sourceTree = "<group>";
		};
		B56E8D821F1EFAA300AB0E15 /* firebase-demo-iosUITests */ = {
			isa = PBXGroup;
			children = (
				B56E8D831F1EFAA300AB0E15 /* firebase_demo_iosUITests.swift */,
				B56E8D851F1EFAA300AB0E15 /* Info.plist */,
			);
			path = "firebase-demo-iosUITests";
			sourceTree = "<group>";
		};
		BD3D925FEF6987249BC00DE3 /* Frameworks */ = {
			isa = PBXGroup;
			children = (
				332DC20F4895C1801DEE8B8B /* Pods_firebase_demo_ios.framework */,
				430BEF03A205049A2AFAB1C5 /* Pods_firebase_demo_iosTests.framework */,
				1BE69C1583792340BCC7EC68 /* Pods_firebase_demo_iosUITests.framework */,
			);
			name = Frameworks;
			sourceTree = "<group>";
		};
/* End PBXGroup section */

/* Begin PBXNativeTarget section */
		B56E8D5F1F1EFAA300AB0E15 /* firebase-demo-ios */ = {
			isa = PBXNativeTarget;
			buildConfigurationList = B56E8D881F1EFAA300AB0E15 /* Build configuration list for PBXNativeTarget "firebase-demo-ios" */;
			buildPhases = (
				E403F72E43FF8DA5D28CBC09 /* [CP] Check Pods Manifest.lock */,
				B56E8D5C1F1EFAA300AB0E15 /* Sources */,
				B56E8D5D1F1EFAA300AB0E15 /* Frameworks */,
				B56E8D5E1F1EFAA300AB0E15 /* Resources */,
				6A606420ACD241F908F840C5 /* [CP] Embed Pods Frameworks */,
				354BBE6B22071D938AB2D0A5 /* [CP] Copy Pods Resources */,
			);
			buildRules = (
			);
			dependencies = (
			);
			name = "firebase-demo-ios";
			productName = "firebase-demo-ios";
			productReference = B56E8D601F1EFAA300AB0E15 /* firebase-demo-ios.app */;
			productType = "com.apple.product-type.application";
		};
		B56E8D731F1EFAA300AB0E15 /* firebase-demo-iosTests */ = {
			isa = PBXNativeTarget;
			buildConfigurationList = B56E8D8B1F1EFAA300AB0E15 /* Build configuration list for PBXNativeTarget "firebase-demo-iosTests" */;
			buildPhases = (
				62C178DAB87F5CED7FCA2ED9 /* [CP] Check Pods Manifest.lock */,
				B56E8D701F1EFAA300AB0E15 /* Sources */,
				B56E8D711F1EFAA300AB0E15 /* Frameworks */,
				B56E8D721F1EFAA300AB0E15 /* Resources */,
				01DC5F88C1E9A6A77D600CE9 /* [CP] Embed Pods Frameworks */,
				C63D9C19AACAB14FF2FE7081 /* [CP] Copy Pods Resources */,
			);
			buildRules = (
			);
			dependencies = (
				B56E8D761F1EFAA300AB0E15 /* PBXTargetDependency */,
			);
			name = "firebase-demo-iosTests";
			productName = "firebase-demo-iosTests";
			productReference = B56E8D741F1EFAA300AB0E15 /* firebase-demo-iosTests.xctest */;
			productType = "com.apple.product-type.bundle.unit-test";
		};
		B56E8D7E1F1EFAA300AB0E15 /* firebase-demo-iosUITests */ = {
			isa = PBXNativeTarget;
			buildConfigurationList = B56E8D8E1F1EFAA300AB0E15 /* Build configuration list for PBXNativeTarget "firebase-demo-iosUITests" */;
			buildPhases = (
				5F89E835F3D5D48CA7FF24FB /* [CP] Check Pods Manifest.lock */,
				B56E8D7B1F1EFAA300AB0E15 /* Sources */,
				B56E8D7C1F1EFAA300AB0E15 /* Frameworks */,
				B56E8D7D1F1EFAA300AB0E15 /* Resources */,
				78BD7D333EB8EB6297F9EFAC /* [CP] Embed Pods Frameworks */,
				0E623915EC807BF4444E6596 /* [CP] Copy Pods Resources */,
			);
			buildRules = (
			);
			dependencies = (
				B56E8D811F1EFAA300AB0E15 /* PBXTargetDependency */,
			);
			name = "firebase-demo-iosUITests";
			productName = "firebase-demo-iosUITests";
			productReference = B56E8D7F1F1EFAA300AB0E15 /* firebase-demo-iosUITests.xctest */;
			productType = "com.apple.product-type.bundle.ui-testing";
		};
/* End PBXNativeTarget section */

/* Begin PBXProject section */
		B56E8D581F1EFAA300AB0E15 /* Project object */ = {
			isa = PBXProject;
			attributes = {
				LastSwiftUpdateCheck = 0830;
				LastUpgradeCheck = 0830;
				ORGANIZATIONNAME = "Conrey Designs";
				TargetAttributes = {
					B56E8D5F1F1EFAA300AB0E15 = {
						CreatedOnToolsVersion = 8.3.3;
						DevelopmentTeam = 59Q7UU46FG;
						ProvisioningStyle = Automatic;
					};
					B56E8D731F1EFAA300AB0E15 = {
						CreatedOnToolsVersion = 8.3.3;
						DevelopmentTeam = 59Q7UU46FG;
						ProvisioningStyle = Automatic;
						TestTargetID = B56E8D5F1F1EFAA300AB0E15;
					};
					B56E8D7E1F1EFAA300AB0E15 = {
						CreatedOnToolsVersion = 8.3.3;
						DevelopmentTeam = 59Q7UU46FG;
						ProvisioningStyle = Automatic;
						TestTargetID = B56E8D5F1F1EFAA300AB0E15;
					};
				};
			};
			buildConfigurationList = B56E8D5B1F1EFAA300AB0E15 /* Build configuration list for PBXProject "firebase-demo-ios" */;
			compatibilityVersion = "Xcode 3.2";
			developmentRegion = English;
			hasScannedForEncodings = 0;
			knownRegions = (
				en,
				Base,
			);
			mainGroup = B56E8D571F1EFAA300AB0E15;
			productRefGroup = B56E8D611F1EFAA300AB0E15 /* Products */;
			projectDirPath = "";
			projectRoot = "";
			targets = (
				B56E8D5F1F1EFAA300AB0E15 /* firebase-demo-ios */,
				B56E8D731F1EFAA300AB0E15 /* firebase-demo-iosTests */,
				B56E8D7E1F1EFAA300AB0E15 /* firebase-demo-iosUITests */,
			);
		};
/* End PBXProject section */

/* Begin PBXResourcesBuildPhase section */
		B56E8D5E1F1EFAA300AB0E15 /* Resources */ = {
			isa = PBXResourcesBuildPhase;
			buildActionMask = 2147483647;
			files = (
				B56E8D6E1F1EFAA300AB0E15 /* LaunchScreen.storyboard in Resources */,
				B56E8D921F1EFAE800AB0E15 /* GoogleService-Info.plist in Resources */,
				B56E8D6B1F1EFAA300AB0E15 /* Assets.xcassets in Resources */,
				B56E8D691F1EFAA300AB0E15 /* Main.storyboard in Resources */,
			);
			runOnlyForDeploymentPostprocessing = 0;
		};
		B56E8D721F1EFAA300AB0E15 /* Resources */ = {
			isa = PBXResourcesBuildPhase;
			buildActionMask = 2147483647;
			files = (
			);
			runOnlyForDeploymentPostprocessing = 0;
		};
		B56E8D7D1F1EFAA300AB0E15 /* Resources */ = {
			isa = PBXResourcesBuildPhase;
			buildActionMask = 2147483647;
			files = (
			);
			runOnlyForDeploymentPostprocessing = 0;
		};
/* End PBXResourcesBuildPhase section */

/* Begin PBXShellScriptBuildPhase section */
		01DC5F88C1E9A6A77D600CE9 /* [CP] Embed Pods Frameworks */ = {
			isa = PBXShellScriptBuildPhase;
			buildActionMask = 2147483647;
			files = (
			);
			inputPaths = (
			);
			name = "[CP] Embed Pods Frameworks";
			outputPaths = (
			);
			runOnlyForDeploymentPostprocessing = 0;
			shellPath = /bin/sh;
			shellScript = "\"${SRCROOT}/Pods/Target Support Files/Pods-firebase-demo-iosTests/Pods-firebase-demo-iosTests-frameworks.sh\"\n";
			showEnvVarsInLog = 0;
		};
		0E623915EC807BF4444E6596 /* [CP] Copy Pods Resources */ = {
			isa = PBXShellScriptBuildPhase;
			buildActionMask = 2147483647;
			files = (
			);
			inputPaths = (
			);
			name = "[CP] Copy Pods Resources";
			outputPaths = (
			);
			runOnlyForDeploymentPostprocessing = 0;
			shellPath = /bin/sh;
			shellScript = "\"${SRCROOT}/Pods/Target Support Files/Pods-firebase-demo-iosUITests/Pods-firebase-demo-iosUITests-resources.sh\"\n";
			showEnvVarsInLog = 0;
		};
		354BBE6B22071D938AB2D0A5 /* [CP] Copy Pods Resources */ = {
			isa = PBXShellScriptBuildPhase;
			buildActionMask = 2147483647;
			files = (
			);
			inputPaths = (
			);
			name = "[CP] Copy Pods Resources";
			outputPaths = (
			);
			runOnlyForDeploymentPostprocessing = 0;
			shellPath = /bin/sh;
			shellScript = "\"${SRCROOT}/Pods/Target Support Files/Pods-firebase-demo-ios/Pods-firebase-demo-ios-resources.sh\"\n";
			showEnvVarsInLog = 0;
		};
		5F89E835F3D5D48CA7FF24FB /* [CP] Check Pods Manifest.lock */ = {
			isa = PBXShellScriptBuildPhase;
			buildActionMask = 2147483647;
			files = (
			);
			inputPaths = (
			);
			name = "[CP] Check Pods Manifest.lock";
			outputPaths = (
			);
			runOnlyForDeploymentPostprocessing = 0;
			shellPath = /bin/sh;
			shellScript = "diff \"${PODS_PODFILE_DIR_PATH}/Podfile.lock\" \"${PODS_ROOT}/Manifest.lock\" > /dev/null\nif [ $? != 0 ] ; then\n    # print error to STDERR\n    echo \"error: The sandbox is not in sync with the Podfile.lock. Run 'pod install' or update your CocoaPods installation.\" >&2\n    exit 1\nfi\n";
			showEnvVarsInLog = 0;
		};
		62C178DAB87F5CED7FCA2ED9 /* [CP] Check Pods Manifest.lock */ = {
			isa = PBXShellScriptBuildPhase;
			buildActionMask = 2147483647;
			files = (
			);
			inputPaths = (
			);
			name = "[CP] Check Pods Manifest.lock";
			outputPaths = (
			);
			runOnlyForDeploymentPostprocessing = 0;
			shellPath = /bin/sh;
			shellScript = "diff \"${PODS_PODFILE_DIR_PATH}/Podfile.lock\" \"${PODS_ROOT}/Manifest.lock\" > /dev/null\nif [ $? != 0 ] ; then\n    # print error to STDERR\n    echo \"error: The sandbox is not in sync with the Podfile.lock. Run 'pod install' or update your CocoaPods installation.\" >&2\n    exit 1\nfi\n";
			showEnvVarsInLog = 0;
		};
		6A606420ACD241F908F840C5 /* [CP] Embed Pods Frameworks */ = {
			isa = PBXShellScriptBuildPhase;
			buildActionMask = 2147483647;
			files = (
			);
			inputPaths = (
			);
			name = "[CP] Embed Pods Frameworks";
			outputPaths = (
			);
			runOnlyForDeploymentPostprocessing = 0;
			shellPath = /bin/sh;
			shellScript = "\"${SRCROOT}/Pods/Target Support Files/Pods-firebase-demo-ios/Pods-firebase-demo-ios-frameworks.sh\"\n";
			showEnvVarsInLog = 0;
		};
		78BD7D333EB8EB6297F9EFAC /* [CP] Embed Pods Frameworks */ = {
			isa = PBXShellScriptBuildPhase;
			buildActionMask = 2147483647;
			files = (
			);
			inputPaths = (
			);
			name = "[CP] Embed Pods Frameworks";
			outputPaths = (
			);
			runOnlyForDeploymentPostprocessing = 0;
			shellPath = /bin/sh;
			shellScript = "\"${SRCROOT}/Pods/Target Support Files/Pods-firebase-demo-iosUITests/Pods-firebase-demo-iosUITests-frameworks.sh\"\n";
			showEnvVarsInLog = 0;
		};
		C63D9C19AACAB14FF2FE7081 /* [CP] Copy Pods Resources */ = {
			isa = PBXShellScriptBuildPhase;
			buildActionMask = 2147483647;
			files = (
			);
			inputPaths = (
			);
			name = "[CP] Copy Pods Resources";
			outputPaths = (
			);
			runOnlyForDeploymentPostprocessing = 0;
			shellPath = /bin/sh;
			shellScript = "\"${SRCROOT}/Pods/Target Support Files/Pods-firebase-demo-iosTests/Pods-firebase-demo-iosTests-resources.sh\"\n";
			showEnvVarsInLog = 0;
		};
		E403F72E43FF8DA5D28CBC09 /* [CP] Check Pods Manifest.lock */ = {
			isa = PBXShellScriptBuildPhase;
			buildActionMask = 2147483647;
			files = (
			);
			inputPaths = (
			);
			name = "[CP] Check Pods Manifest.lock";
			outputPaths = (
			);
			runOnlyForDeploymentPostprocessing = 0;
			shellPath = /bin/sh;
			shellScript = "diff \"${PODS_PODFILE_DIR_PATH}/Podfile.lock\" \"${PODS_ROOT}/Manifest.lock\" > /dev/null\nif [ $? != 0 ] ; then\n    # print error to STDERR\n    echo \"error: The sandbox is not in sync with the Podfile.lock. Run 'pod install' or update your CocoaPods installation.\" >&2\n    exit 1\nfi\n";
			showEnvVarsInLog = 0;
		};
/* End PBXShellScriptBuildPhase section */

/* Begin PBXSourcesBuildPhase section */
		B56E8D5C1F1EFAA300AB0E15 /* Sources */ = {
			isa = PBXSourcesBuildPhase;
			buildActionMask = 2147483647;
			files = (
				B56E8D661F1EFAA300AB0E15 /* ViewController.swift in Sources */,
				B56E8D641F1EFAA300AB0E15 /* AppDelegate.swift in Sources */,
			);
			runOnlyForDeploymentPostprocessing = 0;
		};
		B56E8D701F1EFAA300AB0E15 /* Sources */ = {
			isa = PBXSourcesBuildPhase;
			buildActionMask = 2147483647;
			files = (
				B56E8D791F1EFAA300AB0E15 /* firebase_demo_iosTests.swift in Sources */,
			);
			runOnlyForDeploymentPostprocessing = 0;
		};
		B56E8D7B1F1EFAA300AB0E15 /* Sources */ = {
			isa = PBXSourcesBuildPhase;
			buildActionMask = 2147483647;
			files = (
				B56E8D841F1EFAA300AB0E15 /* firebase_demo_iosUITests.swift in Sources */,
			);
			runOnlyForDeploymentPostprocessing = 0;
		};
/* End PBXSourcesBuildPhase section */

/* Begin PBXTargetDependency section */
		B56E8D761F1EFAA300AB0E15 /* PBXTargetDependency */ = {
			isa = PBXTargetDependency;
			target = B56E8D5F1F1EFAA300AB0E15 /* firebase-demo-ios */;
			targetProxy = B56E8D751F1EFAA300AB0E15 /* PBXContainerItemProxy */;
		};
		B56E8D811F1EFAA300AB0E15 /* PBXTargetDependency */ = {
			isa = PBXTargetDependency;
			target = B56E8D5F1F1EFAA300AB0E15 /* firebase-demo-ios */;
			targetProxy = B56E8D801F1EFAA300AB0E15 /* PBXContainerItemProxy */;
		};
/* End PBXTargetDependency section */

/* Begin PBXVariantGroup section */
		B56E8D671F1EFAA300AB0E15 /* Main.storyboard */ = {
			isa = PBXVariantGroup;
			children = (
				B56E8D681F1EFAA300AB0E15 /* Base */,
			);
			name = Main.storyboard;
			sourceTree = "<group>";
		};
		B56E8D6C1F1EFAA300AB0E15 /* LaunchScreen.storyboard */ = {
			isa = PBXVariantGroup;
			children = (
				B56E8D6D1F1EFAA300AB0E15 /* Base */,
			);
			name = LaunchScreen.storyboard;
			sourceTree = "<group>";
		};
/* End PBXVariantGroup section */

/* Begin XCBuildConfiguration section */
		B56E8D861F1EFAA300AB0E15 /* Debug */ = {
			isa = XCBuildConfiguration;
			buildSettings = {
				ALWAYS_SEARCH_USER_PATHS = NO;
				CLANG_ANALYZER_NONNULL = YES;
				CLANG_ANALYZER_NUMBER_OBJECT_CONVERSION = YES_AGGRESSIVE;
				CLANG_CXX_LANGUAGE_STANDARD = "gnu++0x";
				CLANG_CXX_LIBRARY = "libc++";
				CLANG_ENABLE_MODULES = YES;
				CLANG_ENABLE_OBJC_ARC = YES;
				CLANG_WARN_BOOL_CONVERSION = YES;
				CLANG_WARN_CONSTANT_CONVERSION = YES;
				CLANG_WARN_DIRECT_OBJC_ISA_USAGE = YES_ERROR;
				CLANG_WARN_DOCUMENTATION_COMMENTS = YES;
				CLANG_WARN_EMPTY_BODY = YES;
				CLANG_WARN_ENUM_CONVERSION = YES;
				CLANG_WARN_INFINITE_RECURSION = YES;
				CLANG_WARN_INT_CONVERSION = YES;
				CLANG_WARN_OBJC_ROOT_CLASS = YES_ERROR;
				CLANG_WARN_SUSPICIOUS_MOVE = YES;
				CLANG_WARN_UNREACHABLE_CODE = YES;
				CLANG_WARN__DUPLICATE_METHOD_MATCH = YES;
				"CODE_SIGN_IDENTITY[sdk=iphoneos*]" = "iPhone Developer";
				COPY_PHASE_STRIP = NO;
				DEBUG_INFORMATION_FORMAT = dwarf;
				ENABLE_STRICT_OBJC_MSGSEND = YES;
				ENABLE_TESTABILITY = YES;
				GCC_C_LANGUAGE_STANDARD = gnu99;
				GCC_DYNAMIC_NO_PIC = NO;
				GCC_NO_COMMON_BLOCKS = YES;
				GCC_OPTIMIZATION_LEVEL = 0;
				GCC_PREPROCESSOR_DEFINITIONS = (
					"DEBUG=1",
					"$(inherited)",
				);
				GCC_WARN_64_TO_32_BIT_CONVERSION = YES;
				GCC_WARN_ABOUT_RETURN_TYPE = YES_ERROR;
				GCC_WARN_UNDECLARED_SELECTOR = YES;
				GCC_WARN_UNINITIALIZED_AUTOS = YES_AGGRESSIVE;
				GCC_WARN_UNUSED_FUNCTION = YES;
				GCC_WARN_UNUSED_VARIABLE = YES;
				IPHONEOS_DEPLOYMENT_TARGET = 10.3;
				MTL_ENABLE_DEBUG_INFO = YES;
				ONLY_ACTIVE_ARCH = YES;
				SDKROOT = iphoneos;
				SWIFT_ACTIVE_COMPILATION_CONDITIONS = DEBUG;
				SWIFT_OPTIMIZATION_LEVEL = "-Onone";
				TARGETED_DEVICE_FAMILY = "1,2";
			};
			name = Debug;
		};
		B56E8D871F1EFAA300AB0E15 /* Release */ = {
			isa = XCBuildConfiguration;
			buildSettings = {
				ALWAYS_SEARCH_USER_PATHS = NO;
				CLANG_ANALYZER_NONNULL = YES;
				CLANG_ANALYZER_NUMBER_OBJECT_CONVERSION = YES_AGGRESSIVE;
				CLANG_CXX_LANGUAGE_STANDARD = "gnu++0x";
				CLANG_CXX_LIBRARY = "libc++";
				CLANG_ENABLE_MODULES = YES;
				CLANG_ENABLE_OBJC_ARC = YES;
				CLANG_WARN_BOOL_CONVERSION = YES;
				CLANG_WARN_CONSTANT_CONVERSION = YES;
				CLANG_WARN_DIRECT_OBJC_ISA_USAGE = YES_ERROR;
				CLANG_WARN_DOCUMENTATION_COMMENTS = YES;
				CLANG_WARN_EMPTY_BODY = YES;
				CLANG_WARN_ENUM_CONVERSION = YES;
				CLANG_WARN_INFINITE_RECURSION = YES;
				CLANG_WARN_INT_CONVERSION = YES;
				CLANG_WARN_OBJC_ROOT_CLASS = YES_ERROR;
				CLANG_WARN_SUSPICIOUS_MOVE = YES;
				CLANG_WARN_UNREACHABLE_CODE = YES;
				CLANG_WARN__DUPLICATE_METHOD_MATCH = YES;
				"CODE_SIGN_IDENTITY[sdk=iphoneos*]" = "iPhone Developer";
				COPY_PHASE_STRIP = NO;
				DEBUG_INFORMATION_FORMAT = "dwarf-with-dsym";
				ENABLE_NS_ASSERTIONS = NO;
				ENABLE_STRICT_OBJC_MSGSEND = YES;
				GCC_C_LANGUAGE_STANDARD = gnu99;
				GCC_NO_COMMON_BLOCKS = YES;
				GCC_WARN_64_TO_32_BIT_CONVERSION = YES;
				GCC_WARN_ABOUT_RETURN_TYPE = YES_ERROR;
				GCC_WARN_UNDECLARED_SELECTOR = YES;
				GCC_WARN_UNINITIALIZED_AUTOS = YES_AGGRESSIVE;
				GCC_WARN_UNUSED_FUNCTION = YES;
				GCC_WARN_UNUSED_VARIABLE = YES;
				IPHONEOS_DEPLOYMENT_TARGET = 10.3;
				MTL_ENABLE_DEBUG_INFO = NO;
				SDKROOT = iphoneos;
				SWIFT_OPTIMIZATION_LEVEL = "-Owholemodule";
				TARGETED_DEVICE_FAMILY = "1,2";
				VALIDATE_PRODUCT = YES;
			};
			name = Release;
		};
		B56E8D891F1EFAA300AB0E15 /* Debug */ = {
			isa = XCBuildConfiguration;
			baseConfigurationReference = 09F91A4B81B5C43840E7E910 /* Pods-firebase-demo-ios.debug.xcconfig */;
			buildSettings = {
				ASSETCATALOG_COMPILER_APPICON_NAME = AppIcon;
				DEVELOPMENT_TEAM = 59Q7UU46FG;
				INFOPLIST_FILE = "firebase-demo-ios/Info.plist";
				LD_RUNPATH_SEARCH_PATHS = "$(inherited) @executable_path/Frameworks";
				PRODUCT_BUNDLE_IDENTIFIER = "ConreyDesigns.firebase-demo-ios";
				PRODUCT_NAME = "$(TARGET_NAME)";
				SWIFT_VERSION = 3.0;
			};
			name = Debug;
		};
		B56E8D8A1F1EFAA300AB0E15 /* Release */ = {
			isa = XCBuildConfiguration;
			baseConfigurationReference = 6C272F75549D83BCAF7A4E4B /* Pods-firebase-demo-ios.release.xcconfig */;
			buildSettings = {
				ASSETCATALOG_COMPILER_APPICON_NAME = AppIcon;
				DEVELOPMENT_TEAM = 59Q7UU46FG;
				INFOPLIST_FILE = "firebase-demo-ios/Info.plist";
				LD_RUNPATH_SEARCH_PATHS = "$(inherited) @executable_path/Frameworks";
				PRODUCT_BUNDLE_IDENTIFIER = "ConreyDesigns.firebase-demo-ios";
				PRODUCT_NAME = "$(TARGET_NAME)";
				SWIFT_VERSION = 3.0;
			};
			name = Release;
		};
		B56E8D8C1F1EFAA300AB0E15 /* Debug */ = {
			isa = XCBuildConfiguration;
			baseConfigurationReference = EEBEB1E5BE6E9A98A9A6A685 /* Pods-firebase-demo-iosTests.debug.xcconfig */;
			buildSettings = {
				ALWAYS_EMBED_SWIFT_STANDARD_LIBRARIES = YES;
				BUNDLE_LOADER = "$(TEST_HOST)";
				DEVELOPMENT_TEAM = 59Q7UU46FG;
				INFOPLIST_FILE = "firebase-demo-iosTests/Info.plist";
				LD_RUNPATH_SEARCH_PATHS = "$(inherited) @executable_path/Frameworks @loader_path/Frameworks";
				PRODUCT_BUNDLE_IDENTIFIER = "ConreyDesigns.firebase-demo-iosTests";
				PRODUCT_NAME = "$(TARGET_NAME)";
				SWIFT_VERSION = 3.0;
				TEST_HOST = "$(BUILT_PRODUCTS_DIR)/firebase-demo-ios.app/firebase-demo-ios";
			};
			name = Debug;
		};
		B56E8D8D1F1EFAA300AB0E15 /* Release */ = {
			isa = XCBuildConfiguration;
			baseConfigurationReference = 0B168C7F9294E81E0E65EBE9 /* Pods-firebase-demo-iosTests.release.xcconfig */;
			buildSettings = {
				ALWAYS_EMBED_SWIFT_STANDARD_LIBRARIES = YES;
				BUNDLE_LOADER = "$(TEST_HOST)";
				DEVELOPMENT_TEAM = 59Q7UU46FG;
				INFOPLIST_FILE = "firebase-demo-iosTests/Info.plist";
				LD_RUNPATH_SEARCH_PATHS = "$(inherited) @executable_path/Frameworks @loader_path/Frameworks";
				PRODUCT_BUNDLE_IDENTIFIER = "ConreyDesigns.firebase-demo-iosTests";
				PRODUCT_NAME = "$(TARGET_NAME)";
				SWIFT_VERSION = 3.0;
				TEST_HOST = "$(BUILT_PRODUCTS_DIR)/firebase-demo-ios.app/firebase-demo-ios";
			};
			name = Release;
		};
		B56E8D8F1F1EFAA300AB0E15 /* Debug */ = {
			isa = XCBuildConfiguration;
			baseConfigurationReference = 3FF4CA66D86BA3F7D9A37E3B /* Pods-firebase-demo-iosUITests.debug.xcconfig */;
			buildSettings = {
				ALWAYS_EMBED_SWIFT_STANDARD_LIBRARIES = YES;
				DEVELOPMENT_TEAM = 59Q7UU46FG;
				INFOPLIST_FILE = "firebase-demo-iosUITests/Info.plist";
				LD_RUNPATH_SEARCH_PATHS = "$(inherited) @executable_path/Frameworks @loader_path/Frameworks";
				PRODUCT_BUNDLE_IDENTIFIER = "ConreyDesigns.firebase-demo-iosUITests";
				PRODUCT_NAME = "$(TARGET_NAME)";
				SWIFT_VERSION = 3.0;
				TEST_TARGET_NAME = "firebase-demo-ios";
			};
			name = Debug;
		};
		B56E8D901F1EFAA300AB0E15 /* Release */ = {
			isa = XCBuildConfiguration;
			baseConfigurationReference = A1B16544E97F994B336D5D3A /* Pods-firebase-demo-iosUITests.release.xcconfig */;
			buildSettings = {
				ALWAYS_EMBED_SWIFT_STANDARD_LIBRARIES = YES;
				DEVELOPMENT_TEAM = 59Q7UU46FG;
				INFOPLIST_FILE = "firebase-demo-iosUITests/Info.plist";
				LD_RUNPATH_SEARCH_PATHS = "$(inherited) @executable_path/Frameworks @loader_path/Frameworks";
				PRODUCT_BUNDLE_IDENTIFIER = "ConreyDesigns.firebase-demo-iosUITests";
				PRODUCT_NAME = "$(TARGET_NAME)";
				SWIFT_VERSION = 3.0;
				TEST_TARGET_NAME = "firebase-demo-ios";
			};
			name = Release;
		};
/* End XCBuildConfiguration section */

/* Begin XCConfigurationList section */
		B56E8D5B1F1EFAA300AB0E15 /* Build configuration list for PBXProject "firebase-demo-ios" */ = {
			isa = XCConfigurationList;
			buildConfigurations = (
				B56E8D861F1EFAA300AB0E15 /* Debug */,
				B56E8D871F1EFAA300AB0E15 /* Release */,
			);
			defaultConfigurationIsVisible = 0;
			defaultConfigurationName = Release;
		};
		B56E8D881F1EFAA300AB0E15 /* Build configuration list for PBXNativeTarget "firebase-demo-ios" */ = {
			isa = XCConfigurationList;
			buildConfigurations = (
				B56E8D891F1EFAA300AB0E15 /* Debug */,
				B56E8D8A1F1EFAA300AB0E15 /* Release */,
			);
			defaultConfigurationIsVisible = 0;
		};
		B56E8D8B1F1EFAA300AB0E15 /* Build configuration list for PBXNativeTarget "firebase-demo-iosTests" */ = {
			isa = XCConfigurationList;
			buildConfigurations = (
				B56E8D8C1F1EFAA300AB0E15 /* Debug */,
				B56E8D8D1F1EFAA300AB0E15 /* Release */,
			);
			defaultConfigurationIsVisible = 0;
		};
		B56E8D8E1F1EFAA300AB0E15 /* Build configuration list for PBXNativeTarget "firebase-demo-iosUITests" */ = {
			isa = XCConfigurationList;
			buildConfigurations = (
				B56E8D8F1F1EFAA300AB0E15 /* Debug */,
				B56E8D901F1EFAA300AB0E15 /* Release */,
			);
			defaultConfigurationIsVisible = 0;
		};
/* End XCConfigurationList section */
	};
	rootObject = B56E8D581F1EFAA300AB0E15 /* Project object */;
}
